
Microsoft Visual Studio Solution File, Format Version 12.00
# Visual Studio Version 16
VisualStudioVersion = 16.0.29215.179
MinimumVisualStudioVersion = 10.0.40219.1
Project("{FAE04EC0-301F-11D3-BF4B-00C04F79EFBC}") = "NINA", "NINA\NINA.csproj", "{7DEC1B46-9701-4E49-90C1-F4427845669E}"
EndProject
Project("{FAE04EC0-301F-11D3-BF4B-00C04F79EFBC}") = "NINATest", "NINATest\NINATest.csproj", "{102E88D0-82E9-4DA5-919A-94FC68E32F3E}"
EndProject
Project("{FAE04EC0-301F-11D3-BF4B-00C04F79EFBC}") = "StarDataImport", "StarDataImport\StarDataImport.csproj", "{EF4C7961-BFA7-407F-ADEC-41F11794E7FB}"
EndProject
Project("{FAE04EC0-301F-11D3-BF4B-00C04F79EFBC}") = "NINACustomControlLibrary", "NINACustomControlLibrary\NINACustomControlLibrary.csproj", "{39FEFC1E-7A69-440D-B38A-5B9469353491}"
EndProject
Project("{FAE04EC0-301F-11D3-BF4B-00C04F79EFBC}") = "nikoncswrapper", "nikoncswrapper\nikoncswrapper.csproj", "{AADE1DF5-4C46-4760-B72B-474D90336F5B}"
EndProject
Project("{930C7802-8A8C-48F9-8165-68863BCCD9DD}") = "NINASetup", "NINASetup\NINASetup.wixproj", "{35733D26-70E1-4CE8-A1FD-FB9B4C1A464C}"
EndProject
Project("{930C7802-8A8C-48F9-8165-68863BCCD9DD}") = "NINASetupBundle", "NINASetupBundle\NINASetupBundle.wixproj", "{3DE33B34-C3D7-4EFB-9563-77B2F07A9F2D}"
EndProject
Project("{2150E333-8FDC-42A3-9474-1A3956D46DE8}") = "Solution Items", "Solution Items", "{ACF75CFA-5ED0-4E99-AEDF-60B47F25599F}"
	ProjectSection(SolutionItems) = preProject
		.editorconfig = .editorconfig
		.gitattributes = .gitattributes
		.gitignore = .gitignore
		AUTHORS = AUTHORS
		CommonAssemblyInfo.cs = CommonAssemblyInfo.cs
		CONTRIBUTING.md = CONTRIBUTING.md
		LICENSE.txt = LICENSE.txt
		README.md = README.md
		RELEASE_NOTES.md = RELEASE_NOTES.md
	EndProjectSection
EndProject
Project("{FAE04EC0-301F-11D3-BF4B-00C04F79EFBC}") = "NINA.MGEN", "NINA.MGEN\NINA.MGEN.csproj", "{D897BFFD-7777-44F5-9100-1FF0DB3B032F}"
EndProject
Project("{FAE04EC0-301F-11D3-BF4B-00C04F79EFBC}") = "NINA.Core", "NINA.Core\NINA.Core.csproj", "{F906E54B-9CE8-4A66-856B-E876DD305F2B}"
EndProject
Project("{FAE04EC0-301F-11D3-BF4B-00C04F79EFBC}") = "NINA.Equipment", "NINA.Equipment\NINA.Equipment.csproj", "{20B7C98E-F7F8-497E-B5E5-02FA99D4B98B}"
EndProject
Project("{FAE04EC0-301F-11D3-BF4B-00C04F79EFBC}") = "NINA.Profile", "NINA.Profile\NINA.Profile.csproj", "{8540150E-7FF0-4F7B-A714-0F6ABDB1AC60}"
EndProject
Project("{FAE04EC0-301F-11D3-BF4B-00C04F79EFBC}") = "NINA.Astrometry", "NINA.Astrometry\NINA.Astrometry.csproj", "{57B7CC6E-A410-4866-9BF9-278B94118E3D}"
EndProject
Project("{FAE04EC0-301F-11D3-BF4B-00C04F79EFBC}") = "NINA.PlateSolving", "NINA.Platesolving\NINA.PlateSolving.csproj", "{A721D420-3C8E-4E96-9558-37B50801FF6B}"
EndProject
Project("{FAE04EC0-301F-11D3-BF4B-00C04F79EFBC}") = "NINA.Sequencer", "NINA.Sequencer\NINA.Sequencer.csproj", "{537A7A82-8C12-45E9-ABAD-B6B3729D6CB1}"
EndProject
Project("{FAE04EC0-301F-11D3-BF4B-00C04F79EFBC}") = "NINA.Image", "NINA.Image\NINA.Image.csproj", "{2E7B7C6F-FB8E-49F2-9579-6D16CD263E64}"
EndProject
Project("{FAE04EC0-301F-11D3-BF4B-00C04F79EFBC}") = "NINA.WPF.Base", "NINA.Core.WPF\NINA.WPF.Base.csproj", "{A407425A-4BF0-429E-8867-045C4CD10D3F}"
EndProject
Project("{FAE04EC0-301F-11D3-BF4B-00C04F79EFBC}") = "NINA.Plugin", "NINA.Plugin\NINA.Plugin.csproj", "{03ACE0FA-069A-43CF-8B20-7BB3C32D8C1D}"
EndProject
Global
	GlobalSection(SolutionConfigurationPlatforms) = preSolution
		Debug|Any CPU = Debug|Any CPU
		Debug|x64 = Debug|x64
		Debug|x86 = Debug|x86
		Release|Any CPU = Release|Any CPU
		Release|x64 = Release|x64
		Release|x86 = Release|x86
		SignedRelease|Any CPU = SignedRelease|Any CPU
		SignedRelease|x64 = SignedRelease|x64
		SignedRelease|x86 = SignedRelease|x86
	EndGlobalSection
	GlobalSection(ProjectConfigurationPlatforms) = postSolution
		{7DEC1B46-9701-4E49-90C1-F4427845669E}.Debug|Any CPU.ActiveCfg = Debug|x64
		{7DEC1B46-9701-4E49-90C1-F4427845669E}.Debug|Any CPU.Build.0 = Debug|x64
		{7DEC1B46-9701-4E49-90C1-F4427845669E}.Debug|x64.ActiveCfg = Debug|x64
		{7DEC1B46-9701-4E49-90C1-F4427845669E}.Debug|x64.Build.0 = Debug|x64
		{7DEC1B46-9701-4E49-90C1-F4427845669E}.Debug|x86.ActiveCfg = Debug|x86
		{7DEC1B46-9701-4E49-90C1-F4427845669E}.Debug|x86.Build.0 = Debug|x86
		{7DEC1B46-9701-4E49-90C1-F4427845669E}.Release|Any CPU.ActiveCfg = Release|x64
		{7DEC1B46-9701-4E49-90C1-F4427845669E}.Release|Any CPU.Build.0 = Release|x64
		{7DEC1B46-9701-4E49-90C1-F4427845669E}.Release|x64.ActiveCfg = Release|x64
		{7DEC1B46-9701-4E49-90C1-F4427845669E}.Release|x64.Build.0 = Release|x64
		{7DEC1B46-9701-4E49-90C1-F4427845669E}.Release|x86.ActiveCfg = Release|x86
		{7DEC1B46-9701-4E49-90C1-F4427845669E}.Release|x86.Build.0 = Release|x86
		{7DEC1B46-9701-4E49-90C1-F4427845669E}.SignedRelease|Any CPU.ActiveCfg = SignedRelease|x86
		{7DEC1B46-9701-4E49-90C1-F4427845669E}.SignedRelease|x64.ActiveCfg = SignedRelease|x64
		{7DEC1B46-9701-4E49-90C1-F4427845669E}.SignedRelease|x64.Build.0 = SignedRelease|x64
		{7DEC1B46-9701-4E49-90C1-F4427845669E}.SignedRelease|x86.ActiveCfg = SignedRelease|x86
		{7DEC1B46-9701-4E49-90C1-F4427845669E}.SignedRelease|x86.Build.0 = SignedRelease|x86
		{102E88D0-82E9-4DA5-919A-94FC68E32F3E}.Debug|Any CPU.ActiveCfg = Debug|Any CPU
		{102E88D0-82E9-4DA5-919A-94FC68E32F3E}.Debug|Any CPU.Build.0 = Debug|Any CPU
		{102E88D0-82E9-4DA5-919A-94FC68E32F3E}.Debug|x64.ActiveCfg = Debug|x64
		{102E88D0-82E9-4DA5-919A-94FC68E32F3E}.Debug|x64.Build.0 = Debug|x64
		{102E88D0-82E9-4DA5-919A-94FC68E32F3E}.Debug|x86.ActiveCfg = Debug|Any CPU
		{102E88D0-82E9-4DA5-919A-94FC68E32F3E}.Debug|x86.Build.0 = Debug|Any CPU
		{102E88D0-82E9-4DA5-919A-94FC68E32F3E}.Release|Any CPU.ActiveCfg = Release|Any CPU
		{102E88D0-82E9-4DA5-919A-94FC68E32F3E}.Release|Any CPU.Build.0 = Release|Any CPU
		{102E88D0-82E9-4DA5-919A-94FC68E32F3E}.Release|x64.ActiveCfg = Release|Any CPU
		{102E88D0-82E9-4DA5-919A-94FC68E32F3E}.Release|x86.ActiveCfg = Release|Any CPU
		{102E88D0-82E9-4DA5-919A-94FC68E32F3E}.SignedRelease|Any CPU.ActiveCfg = SignedRelease|Any CPU
		{102E88D0-82E9-4DA5-919A-94FC68E32F3E}.SignedRelease|x64.ActiveCfg = SignedRelease|x64
		{102E88D0-82E9-4DA5-919A-94FC68E32F3E}.SignedRelease|x86.ActiveCfg = SignedRelease|Any CPU
		{102E88D0-82E9-4DA5-919A-94FC68E32F3E}.SignedRelease|x86.Build.0 = SignedRelease|Any CPU
		{EF4C7961-BFA7-407F-ADEC-41F11794E7FB}.Debug|Any CPU.ActiveCfg = Debug|Any CPU
		{EF4C7961-BFA7-407F-ADEC-41F11794E7FB}.Debug|Any CPU.Build.0 = Debug|Any CPU
		{EF4C7961-BFA7-407F-ADEC-41F11794E7FB}.Debug|x64.ActiveCfg = Debug|Any CPU
		{EF4C7961-BFA7-407F-ADEC-41F11794E7FB}.Debug|x64.Build.0 = Debug|Any CPU
		{EF4C7961-BFA7-407F-ADEC-41F11794E7FB}.Debug|x86.ActiveCfg = Debug|Any CPU
		{EF4C7961-BFA7-407F-ADEC-41F11794E7FB}.Release|Any CPU.ActiveCfg = Release|Any CPU
		{EF4C7961-BFA7-407F-ADEC-41F11794E7FB}.Release|Any CPU.Build.0 = Release|Any CPU
		{EF4C7961-BFA7-407F-ADEC-41F11794E7FB}.Release|x64.ActiveCfg = Release|Any CPU
		{EF4C7961-BFA7-407F-ADEC-41F11794E7FB}.Release|x86.ActiveCfg = Release|Any CPU
		{EF4C7961-BFA7-407F-ADEC-41F11794E7FB}.SignedRelease|Any CPU.ActiveCfg = SignedRelease|Any CPU
		{EF4C7961-BFA7-407F-ADEC-41F11794E7FB}.SignedRelease|x64.ActiveCfg = SignedRelease|Any CPU
		{EF4C7961-BFA7-407F-ADEC-41F11794E7FB}.SignedRelease|x64.Build.0 = SignedRelease|Any CPU
		{EF4C7961-BFA7-407F-ADEC-41F11794E7FB}.SignedRelease|x86.ActiveCfg = SignedRelease|Any CPU
		{EF4C7961-BFA7-407F-ADEC-41F11794E7FB}.SignedRelease|x86.Build.0 = SignedRelease|Any CPU
		{39FEFC1E-7A69-440D-B38A-5B9469353491}.Debug|Any CPU.ActiveCfg = Debug|Any CPU
		{39FEFC1E-7A69-440D-B38A-5B9469353491}.Debug|Any CPU.Build.0 = Debug|Any CPU
		{39FEFC1E-7A69-440D-B38A-5B9469353491}.Debug|x64.ActiveCfg = Debug|Any CPU
		{39FEFC1E-7A69-440D-B38A-5B9469353491}.Debug|x64.Build.0 = Debug|Any CPU
		{39FEFC1E-7A69-440D-B38A-5B9469353491}.Debug|x86.ActiveCfg = Debug|Any CPU
		{39FEFC1E-7A69-440D-B38A-5B9469353491}.Debug|x86.Build.0 = Debug|Any CPU
		{39FEFC1E-7A69-440D-B38A-5B9469353491}.Release|Any CPU.ActiveCfg = Release|Any CPU
		{39FEFC1E-7A69-440D-B38A-5B9469353491}.Release|Any CPU.Build.0 = Release|Any CPU
		{39FEFC1E-7A69-440D-B38A-5B9469353491}.Release|x64.ActiveCfg = Release|Any CPU
		{39FEFC1E-7A69-440D-B38A-5B9469353491}.Release|x64.Build.0 = Release|Any CPU
		{39FEFC1E-7A69-440D-B38A-5B9469353491}.Release|x86.ActiveCfg = Release|Any CPU
		{39FEFC1E-7A69-440D-B38A-5B9469353491}.Release|x86.Build.0 = Release|Any CPU
		{39FEFC1E-7A69-440D-B38A-5B9469353491}.SignedRelease|Any CPU.ActiveCfg = SignedRelease|Any CPU
		{39FEFC1E-7A69-440D-B38A-5B9469353491}.SignedRelease|Any CPU.Build.0 = SignedRelease|Any CPU
		{39FEFC1E-7A69-440D-B38A-5B9469353491}.SignedRelease|x64.ActiveCfg = SignedRelease|Any CPU
		{39FEFC1E-7A69-440D-B38A-5B9469353491}.SignedRelease|x64.Build.0 = SignedRelease|Any CPU
		{39FEFC1E-7A69-440D-B38A-5B9469353491}.SignedRelease|x86.ActiveCfg = SignedRelease|Any CPU
		{39FEFC1E-7A69-440D-B38A-5B9469353491}.SignedRelease|x86.Build.0 = SignedRelease|Any CPU
		{AADE1DF5-4C46-4760-B72B-474D90336F5B}.Debug|Any CPU.ActiveCfg = Debug|Any CPU
		{AADE1DF5-4C46-4760-B72B-474D90336F5B}.Debug|Any CPU.Build.0 = Debug|Any CPU
		{AADE1DF5-4C46-4760-B72B-474D90336F5B}.Debug|x64.ActiveCfg = Debug|Any CPU
		{AADE1DF5-4C46-4760-B72B-474D90336F5B}.Debug|x64.Build.0 = Debug|Any CPU
		{AADE1DF5-4C46-4760-B72B-474D90336F5B}.Debug|x86.ActiveCfg = Debug|Any CPU
		{AADE1DF5-4C46-4760-B72B-474D90336F5B}.Debug|x86.Build.0 = Debug|Any CPU
		{AADE1DF5-4C46-4760-B72B-474D90336F5B}.Release|Any CPU.ActiveCfg = Release|Any CPU
		{AADE1DF5-4C46-4760-B72B-474D90336F5B}.Release|Any CPU.Build.0 = Release|Any CPU
		{AADE1DF5-4C46-4760-B72B-474D90336F5B}.Release|x64.ActiveCfg = Release|Any CPU
		{AADE1DF5-4C46-4760-B72B-474D90336F5B}.Release|x64.Build.0 = Release|Any CPU
		{AADE1DF5-4C46-4760-B72B-474D90336F5B}.Release|x86.ActiveCfg = Release|Any CPU
		{AADE1DF5-4C46-4760-B72B-474D90336F5B}.Release|x86.Build.0 = Release|Any CPU
		{AADE1DF5-4C46-4760-B72B-474D90336F5B}.SignedRelease|Any CPU.ActiveCfg = SignedRelease|Any CPU
		{AADE1DF5-4C46-4760-B72B-474D90336F5B}.SignedRelease|Any CPU.Build.0 = SignedRelease|Any CPU
		{AADE1DF5-4C46-4760-B72B-474D90336F5B}.SignedRelease|x64.ActiveCfg = SignedRelease|Any CPU
		{AADE1DF5-4C46-4760-B72B-474D90336F5B}.SignedRelease|x64.Build.0 = SignedRelease|Any CPU
		{AADE1DF5-4C46-4760-B72B-474D90336F5B}.SignedRelease|x86.ActiveCfg = SignedRelease|Any CPU
		{AADE1DF5-4C46-4760-B72B-474D90336F5B}.SignedRelease|x86.Build.0 = SignedRelease|Any CPU
		{35733D26-70E1-4CE8-A1FD-FB9B4C1A464C}.Debug|Any CPU.ActiveCfg = Debug|x86
		{35733D26-70E1-4CE8-A1FD-FB9B4C1A464C}.Debug|x64.ActiveCfg = Debug|x86
		{35733D26-70E1-4CE8-A1FD-FB9B4C1A464C}.Debug|x86.ActiveCfg = Debug|x86
		{35733D26-70E1-4CE8-A1FD-FB9B4C1A464C}.Release|Any CPU.ActiveCfg = Release|x86
		{35733D26-70E1-4CE8-A1FD-FB9B4C1A464C}.Release|x64.ActiveCfg = Release|x64
		{35733D26-70E1-4CE8-A1FD-FB9B4C1A464C}.Release|x64.Build.0 = Release|x64
		{35733D26-70E1-4CE8-A1FD-FB9B4C1A464C}.Release|x86.ActiveCfg = Release|x86
		{35733D26-70E1-4CE8-A1FD-FB9B4C1A464C}.Release|x86.Build.0 = Release|x86
		{35733D26-70E1-4CE8-A1FD-FB9B4C1A464C}.SignedRelease|Any CPU.ActiveCfg = Debug|x64
		{35733D26-70E1-4CE8-A1FD-FB9B4C1A464C}.SignedRelease|Any CPU.Build.0 = Debug|x64
		{35733D26-70E1-4CE8-A1FD-FB9B4C1A464C}.SignedRelease|x64.ActiveCfg = SignedRelease|x64
		{35733D26-70E1-4CE8-A1FD-FB9B4C1A464C}.SignedRelease|x64.Build.0 = SignedRelease|x64
		{35733D26-70E1-4CE8-A1FD-FB9B4C1A464C}.SignedRelease|x86.ActiveCfg = SignedRelease|x86
		{35733D26-70E1-4CE8-A1FD-FB9B4C1A464C}.SignedRelease|x86.Build.0 = SignedRelease|x86
		{3DE33B34-C3D7-4EFB-9563-77B2F07A9F2D}.Debug|Any CPU.ActiveCfg = Debug|x86
		{3DE33B34-C3D7-4EFB-9563-77B2F07A9F2D}.Debug|x64.ActiveCfg = Debug|x64
		{3DE33B34-C3D7-4EFB-9563-77B2F07A9F2D}.Debug|x86.ActiveCfg = Debug|x86
		{3DE33B34-C3D7-4EFB-9563-77B2F07A9F2D}.Debug|x86.Build.0 = Debug|x86
		{3DE33B34-C3D7-4EFB-9563-77B2F07A9F2D}.Release|Any CPU.ActiveCfg = Release|x86
		{3DE33B34-C3D7-4EFB-9563-77B2F07A9F2D}.Release|x64.ActiveCfg = Release|x64
		{3DE33B34-C3D7-4EFB-9563-77B2F07A9F2D}.Release|x64.Build.0 = Release|x64
		{3DE33B34-C3D7-4EFB-9563-77B2F07A9F2D}.Release|x86.ActiveCfg = Release|x86
		{3DE33B34-C3D7-4EFB-9563-77B2F07A9F2D}.Release|x86.Build.0 = Release|x86
		{3DE33B34-C3D7-4EFB-9563-77B2F07A9F2D}.SignedRelease|Any CPU.ActiveCfg = Release|x64
		{3DE33B34-C3D7-4EFB-9563-77B2F07A9F2D}.SignedRelease|Any CPU.Build.0 = Release|x64
		{3DE33B34-C3D7-4EFB-9563-77B2F07A9F2D}.SignedRelease|x64.ActiveCfg = SignedRelease|x64
		{3DE33B34-C3D7-4EFB-9563-77B2F07A9F2D}.SignedRelease|x64.Build.0 = SignedRelease|x64
		{3DE33B34-C3D7-4EFB-9563-77B2F07A9F2D}.SignedRelease|x86.ActiveCfg = SignedRelease|x86
		{3DE33B34-C3D7-4EFB-9563-77B2F07A9F2D}.SignedRelease|x86.Build.0 = SignedRelease|x86
		{D897BFFD-7777-44F5-9100-1FF0DB3B032F}.Debug|Any CPU.ActiveCfg = Debug|Any CPU
		{D897BFFD-7777-44F5-9100-1FF0DB3B032F}.Debug|Any CPU.Build.0 = Debug|Any CPU
		{D897BFFD-7777-44F5-9100-1FF0DB3B032F}.Debug|x64.ActiveCfg = Debug|Any CPU
		{D897BFFD-7777-44F5-9100-1FF0DB3B032F}.Debug|x64.Build.0 = Debug|Any CPU
		{D897BFFD-7777-44F5-9100-1FF0DB3B032F}.Debug|x86.ActiveCfg = Debug|Any CPU
		{D897BFFD-7777-44F5-9100-1FF0DB3B032F}.Debug|x86.Build.0 = Debug|Any CPU
		{D897BFFD-7777-44F5-9100-1FF0DB3B032F}.Release|Any CPU.ActiveCfg = Release|Any CPU
		{D897BFFD-7777-44F5-9100-1FF0DB3B032F}.Release|Any CPU.Build.0 = Release|Any CPU
		{D897BFFD-7777-44F5-9100-1FF0DB3B032F}.Release|x64.ActiveCfg = Release|Any CPU
		{D897BFFD-7777-44F5-9100-1FF0DB3B032F}.Release|x64.Build.0 = Release|Any CPU
		{D897BFFD-7777-44F5-9100-1FF0DB3B032F}.Release|x86.ActiveCfg = Release|Any CPU
		{D897BFFD-7777-44F5-9100-1FF0DB3B032F}.Release|x86.Build.0 = Release|Any CPU
		{D897BFFD-7777-44F5-9100-1FF0DB3B032F}.SignedRelease|Any CPU.ActiveCfg = SignedRelease|Any CPU
		{D897BFFD-7777-44F5-9100-1FF0DB3B032F}.SignedRelease|Any CPU.Build.0 = SignedRelease|Any CPU
		{D897BFFD-7777-44F5-9100-1FF0DB3B032F}.SignedRelease|x64.ActiveCfg = SignedRelease|Any CPU
		{D897BFFD-7777-44F5-9100-1FF0DB3B032F}.SignedRelease|x64.Build.0 = SignedRelease|Any CPU
		{D897BFFD-7777-44F5-9100-1FF0DB3B032F}.SignedRelease|x86.ActiveCfg = SignedRelease|Any CPU
		{D897BFFD-7777-44F5-9100-1FF0DB3B032F}.SignedRelease|x86.Build.0 = SignedRelease|Any CPU
		{F906E54B-9CE8-4A66-856B-E876DD305F2B}.Debug|Any CPU.ActiveCfg = Debug|Any CPU
		{F906E54B-9CE8-4A66-856B-E876DD305F2B}.Debug|Any CPU.Build.0 = Debug|Any CPU
		{F906E54B-9CE8-4A66-856B-E876DD305F2B}.Debug|x64.ActiveCfg = Debug|Any CPU
		{F906E54B-9CE8-4A66-856B-E876DD305F2B}.Debug|x64.Build.0 = Debug|Any CPU
		{F906E54B-9CE8-4A66-856B-E876DD305F2B}.Debug|x86.ActiveCfg = Debug|Any CPU
		{F906E54B-9CE8-4A66-856B-E876DD305F2B}.Debug|x86.Build.0 = Debug|Any CPU
		{F906E54B-9CE8-4A66-856B-E876DD305F2B}.Release|Any CPU.ActiveCfg = Release|Any CPU
		{F906E54B-9CE8-4A66-856B-E876DD305F2B}.Release|Any CPU.Build.0 = Release|Any CPU
		{F906E54B-9CE8-4A66-856B-E876DD305F2B}.Release|x64.ActiveCfg = Release|Any CPU
		{F906E54B-9CE8-4A66-856B-E876DD305F2B}.Release|x64.Build.0 = Release|Any CPU
		{F906E54B-9CE8-4A66-856B-E876DD305F2B}.Release|x86.ActiveCfg = Release|Any CPU
		{F906E54B-9CE8-4A66-856B-E876DD305F2B}.Release|x86.Build.0 = Release|Any CPU
		{F906E54B-9CE8-4A66-856B-E876DD305F2B}.SignedRelease|Any CPU.ActiveCfg = SignedRelease|Any CPU
		{F906E54B-9CE8-4A66-856B-E876DD305F2B}.SignedRelease|Any CPU.Build.0 = SignedRelease|Any CPU
		{F906E54B-9CE8-4A66-856B-E876DD305F2B}.SignedRelease|x64.ActiveCfg = SignedRelease|Any CPU
		{F906E54B-9CE8-4A66-856B-E876DD305F2B}.SignedRelease|x64.Build.0 = SignedRelease|Any CPU
		{F906E54B-9CE8-4A66-856B-E876DD305F2B}.SignedRelease|x86.ActiveCfg = SignedRelease|Any CPU
		{F906E54B-9CE8-4A66-856B-E876DD305F2B}.SignedRelease|x86.Build.0 = SignedRelease|Any CPU
		{20B7C98E-F7F8-497E-B5E5-02FA99D4B98B}.Debug|Any CPU.ActiveCfg = Debug|Any CPU
		{20B7C98E-F7F8-497E-B5E5-02FA99D4B98B}.Debug|Any CPU.Build.0 = Debug|Any CPU
		{20B7C98E-F7F8-497E-B5E5-02FA99D4B98B}.Debug|x64.ActiveCfg = Debug|Any CPU
		{20B7C98E-F7F8-497E-B5E5-02FA99D4B98B}.Debug|x64.Build.0 = Debug|Any CPU
		{20B7C98E-F7F8-497E-B5E5-02FA99D4B98B}.Debug|x86.ActiveCfg = Debug|Any CPU
		{20B7C98E-F7F8-497E-B5E5-02FA99D4B98B}.Debug|x86.Build.0 = Debug|Any CPU
		{20B7C98E-F7F8-497E-B5E5-02FA99D4B98B}.Release|Any CPU.ActiveCfg = Release|Any CPU
		{20B7C98E-F7F8-497E-B5E5-02FA99D4B98B}.Release|Any CPU.Build.0 = Release|Any CPU
		{20B7C98E-F7F8-497E-B5E5-02FA99D4B98B}.Release|x64.ActiveCfg = Release|Any CPU
		{20B7C98E-F7F8-497E-B5E5-02FA99D4B98B}.Release|x64.Build.0 = Release|Any CPU
		{20B7C98E-F7F8-497E-B5E5-02FA99D4B98B}.Release|x86.ActiveCfg = Release|Any CPU
		{20B7C98E-F7F8-497E-B5E5-02FA99D4B98B}.Release|x86.Build.0 = Release|Any CPU
		{20B7C98E-F7F8-497E-B5E5-02FA99D4B98B}.SignedRelease|Any CPU.ActiveCfg = SignedRelease|Any CPU
		{20B7C98E-F7F8-497E-B5E5-02FA99D4B98B}.SignedRelease|Any CPU.Build.0 = SignedRelease|Any CPU
		{20B7C98E-F7F8-497E-B5E5-02FA99D4B98B}.SignedRelease|x64.ActiveCfg = SignedRelease|Any CPU
		{20B7C98E-F7F8-497E-B5E5-02FA99D4B98B}.SignedRelease|x64.Build.0 = SignedRelease|Any CPU
		{20B7C98E-F7F8-497E-B5E5-02FA99D4B98B}.SignedRelease|x86.ActiveCfg = SignedRelease|Any CPU
		{20B7C98E-F7F8-497E-B5E5-02FA99D4B98B}.SignedRelease|x86.Build.0 = SignedRelease|Any CPU
		{8540150E-7FF0-4F7B-A714-0F6ABDB1AC60}.Debug|Any CPU.ActiveCfg = Debug|Any CPU
		{8540150E-7FF0-4F7B-A714-0F6ABDB1AC60}.Debug|Any CPU.Build.0 = Debug|Any CPU
		{8540150E-7FF0-4F7B-A714-0F6ABDB1AC60}.Debug|x64.ActiveCfg = Debug|Any CPU
		{8540150E-7FF0-4F7B-A714-0F6ABDB1AC60}.Debug|x64.Build.0 = Debug|Any CPU
		{8540150E-7FF0-4F7B-A714-0F6ABDB1AC60}.Debug|x86.ActiveCfg = Debug|Any CPU
		{8540150E-7FF0-4F7B-A714-0F6ABDB1AC60}.Debug|x86.Build.0 = Debug|Any CPU
		{8540150E-7FF0-4F7B-A714-0F6ABDB1AC60}.Release|Any CPU.ActiveCfg = Release|Any CPU
		{8540150E-7FF0-4F7B-A714-0F6ABDB1AC60}.Release|Any CPU.Build.0 = Release|Any CPU
		{8540150E-7FF0-4F7B-A714-0F6ABDB1AC60}.Release|x64.ActiveCfg = Release|Any CPU
		{8540150E-7FF0-4F7B-A714-0F6ABDB1AC60}.Release|x64.Build.0 = Release|Any CPU
		{8540150E-7FF0-4F7B-A714-0F6ABDB1AC60}.Release|x86.ActiveCfg = Release|Any CPU
		{8540150E-7FF0-4F7B-A714-0F6ABDB1AC60}.Release|x86.Build.0 = Release|Any CPU
		{8540150E-7FF0-4F7B-A714-0F6ABDB1AC60}.SignedRelease|Any CPU.ActiveCfg = SignedRelease|Any CPU
		{8540150E-7FF0-4F7B-A714-0F6ABDB1AC60}.SignedRelease|Any CPU.Build.0 = SignedRelease|Any CPU
		{8540150E-7FF0-4F7B-A714-0F6ABDB1AC60}.SignedRelease|x64.ActiveCfg = SignedRelease|Any CPU
		{8540150E-7FF0-4F7B-A714-0F6ABDB1AC60}.SignedRelease|x64.Build.0 = SignedRelease|Any CPU
		{8540150E-7FF0-4F7B-A714-0F6ABDB1AC60}.SignedRelease|x86.ActiveCfg = SignedRelease|Any CPU
		{8540150E-7FF0-4F7B-A714-0F6ABDB1AC60}.SignedRelease|x86.Build.0 = SignedRelease|Any CPU
		{57B7CC6E-A410-4866-9BF9-278B94118E3D}.Debug|Any CPU.ActiveCfg = Debug|Any CPU
		{57B7CC6E-A410-4866-9BF9-278B94118E3D}.Debug|Any CPU.Build.0 = Debug|Any CPU
		{57B7CC6E-A410-4866-9BF9-278B94118E3D}.Debug|x64.ActiveCfg = Debug|Any CPU
		{57B7CC6E-A410-4866-9BF9-278B94118E3D}.Debug|x64.Build.0 = Debug|Any CPU
		{57B7CC6E-A410-4866-9BF9-278B94118E3D}.Debug|x86.ActiveCfg = Debug|Any CPU
		{57B7CC6E-A410-4866-9BF9-278B94118E3D}.Debug|x86.Build.0 = Debug|Any CPU
		{57B7CC6E-A410-4866-9BF9-278B94118E3D}.Release|Any CPU.ActiveCfg = Release|Any CPU
		{57B7CC6E-A410-4866-9BF9-278B94118E3D}.Release|Any CPU.Build.0 = Release|Any CPU
		{57B7CC6E-A410-4866-9BF9-278B94118E3D}.Release|x64.ActiveCfg = Release|Any CPU
		{57B7CC6E-A410-4866-9BF9-278B94118E3D}.Release|x64.Build.0 = Release|Any CPU
		{57B7CC6E-A410-4866-9BF9-278B94118E3D}.Release|x86.ActiveCfg = Release|Any CPU
		{57B7CC6E-A410-4866-9BF9-278B94118E3D}.Release|x86.Build.0 = Release|Any CPU
		{57B7CC6E-A410-4866-9BF9-278B94118E3D}.SignedRelease|Any CPU.ActiveCfg = SignedRelease|Any CPU
		{57B7CC6E-A410-4866-9BF9-278B94118E3D}.SignedRelease|Any CPU.Build.0 = SignedRelease|Any CPU
		{57B7CC6E-A410-4866-9BF9-278B94118E3D}.SignedRelease|x64.ActiveCfg = SignedRelease|Any CPU
		{57B7CC6E-A410-4866-9BF9-278B94118E3D}.SignedRelease|x64.Build.0 = SignedRelease|Any CPU
		{57B7CC6E-A410-4866-9BF9-278B94118E3D}.SignedRelease|x86.ActiveCfg = SignedRelease|Any CPU
		{57B7CC6E-A410-4866-9BF9-278B94118E3D}.SignedRelease|x86.Build.0 = SignedRelease|Any CPU
		{A721D420-3C8E-4E96-9558-37B50801FF6B}.Debug|Any CPU.ActiveCfg = Debug|Any CPU
		{A721D420-3C8E-4E96-9558-37B50801FF6B}.Debug|Any CPU.Build.0 = Debug|Any CPU
		{A721D420-3C8E-4E96-9558-37B50801FF6B}.Debug|x64.ActiveCfg = Debug|Any CPU
		{A721D420-3C8E-4E96-9558-37B50801FF6B}.Debug|x64.Build.0 = Debug|Any CPU
		{A721D420-3C8E-4E96-9558-37B50801FF6B}.Debug|x86.ActiveCfg = Debug|Any CPU
		{A721D420-3C8E-4E96-9558-37B50801FF6B}.Debug|x86.Build.0 = Debug|Any CPU
		{A721D420-3C8E-4E96-9558-37B50801FF6B}.Release|Any CPU.ActiveCfg = Release|Any CPU
		{A721D420-3C8E-4E96-9558-37B50801FF6B}.Release|Any CPU.Build.0 = Release|Any CPU
		{A721D420-3C8E-4E96-9558-37B50801FF6B}.Release|x64.ActiveCfg = Release|Any CPU
		{A721D420-3C8E-4E96-9558-37B50801FF6B}.Release|x64.Build.0 = Release|Any CPU
		{A721D420-3C8E-4E96-9558-37B50801FF6B}.Release|x86.ActiveCfg = Release|Any CPU
		{A721D420-3C8E-4E96-9558-37B50801FF6B}.Release|x86.Build.0 = Release|Any CPU
		{A721D420-3C8E-4E96-9558-37B50801FF6B}.SignedRelease|Any CPU.ActiveCfg = SignedRelease|Any CPU
		{A721D420-3C8E-4E96-9558-37B50801FF6B}.SignedRelease|Any CPU.Build.0 = SignedRelease|Any CPU
		{A721D420-3C8E-4E96-9558-37B50801FF6B}.SignedRelease|x64.ActiveCfg = SignedRelease|Any CPU
		{A721D420-3C8E-4E96-9558-37B50801FF6B}.SignedRelease|x64.Build.0 = SignedRelease|Any CPU
		{A721D420-3C8E-4E96-9558-37B50801FF6B}.SignedRelease|x86.ActiveCfg = SignedRelease|Any CPU
		{A721D420-3C8E-4E96-9558-37B50801FF6B}.SignedRelease|x86.Build.0 = SignedRelease|Any CPU
		{537A7A82-8C12-45E9-ABAD-B6B3729D6CB1}.Debug|Any CPU.ActiveCfg = Debug|Any CPU
		{537A7A82-8C12-45E9-ABAD-B6B3729D6CB1}.Debug|Any CPU.Build.0 = Debug|Any CPU
		{537A7A82-8C12-45E9-ABAD-B6B3729D6CB1}.Debug|x64.ActiveCfg = Debug|Any CPU
		{537A7A82-8C12-45E9-ABAD-B6B3729D6CB1}.Debug|x64.Build.0 = Debug|Any CPU
		{537A7A82-8C12-45E9-ABAD-B6B3729D6CB1}.Debug|x86.ActiveCfg = Debug|Any CPU
		{537A7A82-8C12-45E9-ABAD-B6B3729D6CB1}.Debug|x86.Build.0 = Debug|Any CPU
		{537A7A82-8C12-45E9-ABAD-B6B3729D6CB1}.Release|Any CPU.ActiveCfg = Release|Any CPU
		{537A7A82-8C12-45E9-ABAD-B6B3729D6CB1}.Release|Any CPU.Build.0 = Release|Any CPU
		{537A7A82-8C12-45E9-ABAD-B6B3729D6CB1}.Release|x64.ActiveCfg = Release|Any CPU
		{537A7A82-8C12-45E9-ABAD-B6B3729D6CB1}.Release|x64.Build.0 = Release|Any CPU
		{537A7A82-8C12-45E9-ABAD-B6B3729D6CB1}.Release|x86.ActiveCfg = Release|Any CPU
		{537A7A82-8C12-45E9-ABAD-B6B3729D6CB1}.Release|x86.Build.0 = Release|Any CPU
		{537A7A82-8C12-45E9-ABAD-B6B3729D6CB1}.SignedRelease|Any CPU.ActiveCfg = SignedRelease|Any CPU
		{537A7A82-8C12-45E9-ABAD-B6B3729D6CB1}.SignedRelease|Any CPU.Build.0 = SignedRelease|Any CPU
		{537A7A82-8C12-45E9-ABAD-B6B3729D6CB1}.SignedRelease|x64.ActiveCfg = SignedRelease|Any CPU
		{537A7A82-8C12-45E9-ABAD-B6B3729D6CB1}.SignedRelease|x64.Build.0 = SignedRelease|Any CPU
		{537A7A82-8C12-45E9-ABAD-B6B3729D6CB1}.SignedRelease|x86.ActiveCfg = SignedRelease|Any CPU
		{537A7A82-8C12-45E9-ABAD-B6B3729D6CB1}.SignedRelease|x86.Build.0 = SignedRelease|Any CPU
		{2E7B7C6F-FB8E-49F2-9579-6D16CD263E64}.Debug|Any CPU.ActiveCfg = Debug|Any CPU
		{2E7B7C6F-FB8E-49F2-9579-6D16CD263E64}.Debug|Any CPU.Build.0 = Debug|Any CPU
		{2E7B7C6F-FB8E-49F2-9579-6D16CD263E64}.Debug|x64.ActiveCfg = Debug|Any CPU
		{2E7B7C6F-FB8E-49F2-9579-6D16CD263E64}.Debug|x64.Build.0 = Debug|Any CPU
		{2E7B7C6F-FB8E-49F2-9579-6D16CD263E64}.Debug|x86.ActiveCfg = Debug|Any CPU
		{2E7B7C6F-FB8E-49F2-9579-6D16CD263E64}.Debug|x86.Build.0 = Debug|Any CPU
		{2E7B7C6F-FB8E-49F2-9579-6D16CD263E64}.Release|Any CPU.ActiveCfg = Release|Any CPU
		{2E7B7C6F-FB8E-49F2-9579-6D16CD263E64}.Release|Any CPU.Build.0 = Release|Any CPU
		{2E7B7C6F-FB8E-49F2-9579-6D16CD263E64}.Release|x64.ActiveCfg = Release|Any CPU
		{2E7B7C6F-FB8E-49F2-9579-6D16CD263E64}.Release|x64.Build.0 = Release|Any CPU
		{2E7B7C6F-FB8E-49F2-9579-6D16CD263E64}.Release|x86.ActiveCfg = Release|Any CPU
		{2E7B7C6F-FB8E-49F2-9579-6D16CD263E64}.Release|x86.Build.0 = Release|Any CPU
		{2E7B7C6F-FB8E-49F2-9579-6D16CD263E64}.SignedRelease|Any CPU.ActiveCfg = SignedRelease|Any CPU
		{2E7B7C6F-FB8E-49F2-9579-6D16CD263E64}.SignedRelease|Any CPU.Build.0 = SignedRelease|Any CPU
		{2E7B7C6F-FB8E-49F2-9579-6D16CD263E64}.SignedRelease|x64.ActiveCfg = SignedRelease|Any CPU
		{2E7B7C6F-FB8E-49F2-9579-6D16CD263E64}.SignedRelease|x64.Build.0 = SignedRelease|Any CPU
		{2E7B7C6F-FB8E-49F2-9579-6D16CD263E64}.SignedRelease|x86.ActiveCfg = SignedRelease|Any CPU
		{2E7B7C6F-FB8E-49F2-9579-6D16CD263E64}.SignedRelease|x86.Build.0 = SignedRelease|Any CPU
		{A407425A-4BF0-429E-8867-045C4CD10D3F}.Debug|Any CPU.ActiveCfg = Debug|Any CPU
		{A407425A-4BF0-429E-8867-045C4CD10D3F}.Debug|Any CPU.Build.0 = Debug|Any CPU
		{A407425A-4BF0-429E-8867-045C4CD10D3F}.Debug|x64.ActiveCfg = Debug|Any CPU
		{A407425A-4BF0-429E-8867-045C4CD10D3F}.Debug|x64.Build.0 = Debug|Any CPU
		{A407425A-4BF0-429E-8867-045C4CD10D3F}.Debug|x86.ActiveCfg = Debug|Any CPU
		{A407425A-4BF0-429E-8867-045C4CD10D3F}.Debug|x86.Build.0 = Debug|Any CPU
		{A407425A-4BF0-429E-8867-045C4CD10D3F}.Release|Any CPU.ActiveCfg = Release|Any CPU
		{A407425A-4BF0-429E-8867-045C4CD10D3F}.Release|Any CPU.Build.0 = Release|Any CPU
		{A407425A-4BF0-429E-8867-045C4CD10D3F}.Release|x64.ActiveCfg = Release|Any CPU
		{A407425A-4BF0-429E-8867-045C4CD10D3F}.Release|x64.Build.0 = Release|Any CPU
		{A407425A-4BF0-429E-8867-045C4CD10D3F}.Release|x86.ActiveCfg = Release|Any CPU
		{A407425A-4BF0-429E-8867-045C4CD10D3F}.Release|x86.Build.0 = Release|Any CPU
		{A407425A-4BF0-429E-8867-045C4CD10D3F}.SignedRelease|Any CPU.ActiveCfg = SignedRelease|Any CPU
		{A407425A-4BF0-429E-8867-045C4CD10D3F}.SignedRelease|Any CPU.Build.0 = SignedRelease|Any CPU
		{A407425A-4BF0-429E-8867-045C4CD10D3F}.SignedRelease|x64.ActiveCfg = SignedRelease|Any CPU
		{A407425A-4BF0-429E-8867-045C4CD10D3F}.SignedRelease|x64.Build.0 = SignedRelease|Any CPU
		{A407425A-4BF0-429E-8867-045C4CD10D3F}.SignedRelease|x86.ActiveCfg = SignedRelease|Any CPU
		{A407425A-4BF0-429E-8867-045C4CD10D3F}.SignedRelease|x86.Build.0 = SignedRelease|Any CPU
		{03ACE0FA-069A-43CF-8B20-7BB3C32D8C1D}.Debug|Any CPU.ActiveCfg = Debug|Any CPU
		{03ACE0FA-069A-43CF-8B20-7BB3C32D8C1D}.Debug|Any CPU.Build.0 = Debug|Any CPU
		{03ACE0FA-069A-43CF-8B20-7BB3C32D8C1D}.Debug|x64.ActiveCfg = Debug|Any CPU
		{03ACE0FA-069A-43CF-8B20-7BB3C32D8C1D}.Debug|x64.Build.0 = Debug|Any CPU
		{03ACE0FA-069A-43CF-8B20-7BB3C32D8C1D}.Debug|x86.ActiveCfg = Debug|Any CPU
		{03ACE0FA-069A-43CF-8B20-7BB3C32D8C1D}.Debug|x86.Build.0 = Debug|Any CPU
		{03ACE0FA-069A-43CF-8B20-7BB3C32D8C1D}.Release|Any CPU.ActiveCfg = Release|Any CPU
		{03ACE0FA-069A-43CF-8B20-7BB3C32D8C1D}.Release|Any CPU.Build.0 = Release|Any CPU
		{03ACE0FA-069A-43CF-8B20-7BB3C32D8C1D}.Release|x64.ActiveCfg = Release|Any CPU
		{03ACE0FA-069A-43CF-8B20-7BB3C32D8C1D}.Release|x64.Build.0 = Release|Any CPU
		{03ACE0FA-069A-43CF-8B20-7BB3C32D8C1D}.Release|x86.ActiveCfg = Release|Any CPU
		{03ACE0FA-069A-43CF-8B20-7BB3C32D8C1D}.Release|x86.Build.0 = Release|Any CPU
		{03ACE0FA-069A-43CF-8B20-7BB3C32D8C1D}.SignedRelease|Any CPU.ActiveCfg = SignedRelease|Any CPU
		{03ACE0FA-069A-43CF-8B20-7BB3C32D8C1D}.SignedRelease|Any CPU.Build.0 = SignedRelease|Any CPU
		{03ACE0FA-069A-43CF-8B20-7BB3C32D8C1D}.SignedRelease|x64.ActiveCfg = SignedRelease|Any CPU
		{03ACE0FA-069A-43CF-8B20-7BB3C32D8C1D}.SignedRelease|x64.Build.0 = SignedRelease|Any CPU
		{03ACE0FA-069A-43CF-8B20-7BB3C32D8C1D}.SignedRelease|x86.ActiveCfg = SignedRelease|Any CPU
		{03ACE0FA-069A-43CF-8B20-7BB3C32D8C1D}.SignedRelease|x86.Build.0 = SignedRelease|Any CPU
	EndGlobalSection
	GlobalSection(SolutionProperties) = preSolution
		HideSolutionNode = FALSE
	EndGlobalSection
	GlobalSection(ExtensibilityGlobals) = postSolution
		SolutionGuid = {A17F9A20-17E0-4EF8-BAEC-9198B2C73C77}
	EndGlobalSection
EndGlobal
