<?xml version="1.0" encoding="utf-8"?>
<Project ToolsVersion="4.0" xmlns="http://schemas.microsoft.com/developer/msbuild/2003">
  <ItemGroup>
    <Filter Include="Source Files">
      <UniqueIdentifier>{4FC737F1-C7A5-4376-A066-2A32D752A2FF}</UniqueIdentifier>
      <Extensions>cpp;c;cc;cxx;def;odl;idl;hpj;bat;asm;asmx</Extensions>
    </Filter>
    <Filter Include="Header Files">
      <UniqueIdentifier>{93995380-89BD-4b04-88EB-625FBE52EBFB}</UniqueIdentifier>
      <Extensions>h;hh;hpp;hxx;hm;inl;inc;ipp;xsd</Extensions>
    </Filter>
    <Filter Include="Resource Files">
      <UniqueIdentifier>{67DA6AB6-F800-4c08-8B7A-83BB121AAD01}</UniqueIdentifier>
      <Extensions>rc;ico;cur;bmp;dlg;rc2;rct;bin;rgs;gif;jpg;jpeg;jpe;resx;tiff;tif;png;wav;mfcribbon-ms</Extensions>
    </Filter>
  </ItemGroup>
  <ItemGroup>
    <ClInclude Include="src\sofa.h">
      <Filter>Header Files</Filter>
    </ClInclude>
    <ClInclude Include="src\sofam.h">
      <Filter>Header Files</Filter>
    </ClInclude>
  </ItemGroup>
  <ItemGroup>
    <ClCompile Include="src\s2c.c">
      <Filter>Source Files</Filter>
    </ClCompile>
    <ClCompile Include="src\s2p.c">
      <Filter>Source Files</Filter>
    </ClCompile>
    <ClCompile Include="src\s2pv.c">
      <Filter>Source Files</Filter>
    </ClCompile>
    <ClCompile Include="src\s2xpv.c">
      <Filter>Source Files</Filter>
    </ClCompile>
    <ClCompile Include="src\s06.c">
      <Filter>Source Files</Filter>
    </ClCompile>
    <ClCompile Include="src\sepp.c">
      <Filter>Source Files</Filter>
    </ClCompile>
    <ClCompile Include="src\seps.c">
      <Filter>Source Files</Filter>
    </ClCompile>
    <ClCompile Include="src\sp00.c">
      <Filter>Source Files</Filter>
    </ClCompile>
    <ClCompile Include="src\starpm.c">
      <Filter>Source Files</Filter>
    </ClCompile>
    <ClCompile Include="src\starpv.c">
      <Filter>Source Files</Filter>
    </ClCompile>
    <ClCompile Include="src\sxp.c">
      <Filter>Source Files</Filter>
    </ClCompile>
    <ClCompile Include="src\sxpv.c">
      <Filter>Source Files</Filter>
    </ClCompile>
    <ClCompile Include="src\taitt.c">
      <Filter>Source Files</Filter>
    </ClCompile>
    <ClCompile Include="src\taiut1.c">
      <Filter>Source Files</Filter>
    </ClCompile>
    <ClCompile Include="src\taiutc.c">
      <Filter>Source Files</Filter>
    </ClCompile>
    <ClCompile Include="src\tcbtdb.c">
      <Filter>Source Files</Filter>
    </ClCompile>
    <ClCompile Include="src\tcgtt.c">
      <Filter>Source Files</Filter>
    </ClCompile>
    <ClCompile Include="src\tdbtcb.c">
      <Filter>Source Files</Filter>
    </ClCompile>
    <ClCompile Include="src\tdbtt.c">
      <Filter>Source Files</Filter>
    </ClCompile>
    <ClCompile Include="src\tf2a.c">
      <Filter>Source Files</Filter>
    </ClCompile>
    <ClCompile Include="src\tf2d.c">
      <Filter>Source Files</Filter>
    </ClCompile>
    <ClCompile Include="src\tpors.c">
      <Filter>Source Files</Filter>
    </ClCompile>
    <ClCompile Include="src\tporv.c">
      <Filter>Source Files</Filter>
    </ClCompile>
    <ClCompile Include="src\tpsts.c">
      <Filter>Source Files</Filter>
    </ClCompile>
    <ClCompile Include="src\tpstv.c">
      <Filter>Source Files</Filter>
    </ClCompile>
    <ClCompile Include="src\tpxes.c">
      <Filter>Source Files</Filter>
    </ClCompile>
    <ClCompile Include="src\tpxev.c">
      <Filter>Source Files</Filter>
    </ClCompile>
    <ClCompile Include="src\tr.c">
      <Filter>Source Files</Filter>
    </ClCompile>
    <ClCompile Include="src\trxp.c">
      <Filter>Source Files</Filter>
    </ClCompile>
    <ClCompile Include="src\trxpv.c">
      <Filter>Source Files</Filter>
    </ClCompile>
    <ClCompile Include="src\tttai.c">
      <Filter>Source Files</Filter>
    </ClCompile>
    <ClCompile Include="src\tttcg.c">
      <Filter>Source Files</Filter>
    </ClCompile>
    <ClCompile Include="src\tttdb.c">
      <Filter>Source Files</Filter>
    </ClCompile>
    <ClCompile Include="src\ttut1.c">
      <Filter>Source Files</Filter>
    </ClCompile>
    <ClCompile Include="src\ut1tai.c">
      <Filter>Source Files</Filter>
    </ClCompile>
    <ClCompile Include="src\ut1tt.c">
      <Filter>Source Files</Filter>
    </ClCompile>
    <ClCompile Include="src\ut1utc.c">
      <Filter>Source Files</Filter>
    </ClCompile>
    <ClCompile Include="src\utctai.c">
      <Filter>Source Files</Filter>
    </ClCompile>
    <ClCompile Include="src\utcut1.c">
      <Filter>Source Files</Filter>
    </ClCompile>
    <ClCompile Include="src\xy06.c">
      <Filter>Source Files</Filter>
    </ClCompile>
    <ClCompile Include="src\xys00a.c">
      <Filter>Source Files</Filter>
    </ClCompile>
    <ClCompile Include="src\xys00b.c">
      <Filter>Source Files</Filter>
    </ClCompile>
    <ClCompile Include="src\xys06a.c">
      <Filter>Source Files</Filter>
    </ClCompile>
    <ClCompile Include="src\zp.c">
      <Filter>Source Files</Filter>
    </ClCompile>
    <ClCompile Include="src\zpv.c">
      <Filter>Source Files</Filter>
    </ClCompile>
    <ClCompile Include="src\zr.c">
      <Filter>Source Files</Filter>
    </ClCompile>
    <ClCompile Include="src\pnm00b.c">
      <Filter>Source Files</Filter>
    </ClCompile>
    <ClCompile Include="src\pnm06a.c">
      <Filter>Source Files</Filter>
    </ClCompile>
    <ClCompile Include="src\pnm80.c">
      <Filter>Source Files</Filter>
    </ClCompile>
    <ClCompile Include="src\pom00.c">
      <Filter>Source Files</Filter>
    </ClCompile>
    <ClCompile Include="src\ppp.c">
      <Filter>Source Files</Filter>
    </ClCompile>
    <ClCompile Include="src\ppsp.c">
      <Filter>Source Files</Filter>
    </ClCompile>
    <ClCompile Include="src\pr00.c">
      <Filter>Source Files</Filter>
    </ClCompile>
    <ClCompile Include="src\prec76.c">
      <Filter>Source Files</Filter>
    </ClCompile>
    <ClCompile Include="src\pv2p.c">
      <Filter>Source Files</Filter>
    </ClCompile>
    <ClCompile Include="src\pv2s.c">
      <Filter>Source Files</Filter>
    </ClCompile>
    <ClCompile Include="src\pvdpv.c">
      <Filter>Source Files</Filter>
    </ClCompile>
    <ClCompile Include="src\pvm.c">
      <Filter>Source Files</Filter>
    </ClCompile>
    <ClCompile Include="src\pvmpv.c">
      <Filter>Source Files</Filter>
    </ClCompile>
    <ClCompile Include="src\pvppv.c">
      <Filter>Source Files</Filter>
    </ClCompile>
    <ClCompile Include="src\pvstar.c">
      <Filter>Source Files</Filter>
    </ClCompile>
    <ClCompile Include="src\pvtob.c">
      <Filter>Source Files</Filter>
    </ClCompile>
    <ClCompile Include="src\pvu.c">
      <Filter>Source Files</Filter>
    </ClCompile>
    <ClCompile Include="src\pvup.c">
      <Filter>Source Files</Filter>
    </ClCompile>
    <ClCompile Include="src\pvxpv.c">
      <Filter>Source Files</Filter>
    </ClCompile>
    <ClCompile Include="src\pxp.c">
      <Filter>Source Files</Filter>
    </ClCompile>
    <ClCompile Include="src\refco.c">
      <Filter>Source Files</Filter>
    </ClCompile>
    <ClCompile Include="src\rm2v.c">
      <Filter>Source Files</Filter>
    </ClCompile>
    <ClCompile Include="src\rv2m.c">
      <Filter>Source Files</Filter>
    </ClCompile>
    <ClCompile Include="src\rx.c">
      <Filter>Source Files</Filter>
    </ClCompile>
    <ClCompile Include="src\rxp.c">
      <Filter>Source Files</Filter>
    </ClCompile>
    <ClCompile Include="src\rxpv.c">
      <Filter>Source Files</Filter>
    </ClCompile>
    <ClCompile Include="src\rxr.c">
      <Filter>Source Files</Filter>
    </ClCompile>
    <ClCompile Include="src\ry.c">
      <Filter>Source Files</Filter>
    </ClCompile>
    <ClCompile Include="src\rz.c">
      <Filter>Source Files</Filter>
    </ClCompile>
    <ClCompile Include="src\s00.c">
      <Filter>Source Files</Filter>
    </ClCompile>
    <ClCompile Include="src\s00a.c">
      <Filter>Source Files</Filter>
    </ClCompile>
    <ClCompile Include="src\s00b.c">
      <Filter>Source Files</Filter>
    </ClCompile>
    <ClCompile Include="src\s06a.c">
      <Filter>Source Files</Filter>
    </ClCompile>
    <ClCompile Include="src\icrs2g.c">
      <Filter>Source Files</Filter>
    </ClCompile>
    <ClCompile Include="src\ir.c">
      <Filter>Source Files</Filter>
    </ClCompile>
    <ClCompile Include="src\jd2cal.c">
      <Filter>Source Files</Filter>
    </ClCompile>
    <ClCompile Include="src\jdcalf.c">
      <Filter>Source Files</Filter>
    </ClCompile>
    <ClCompile Include="src\ld.c">
      <Filter>Source Files</Filter>
    </ClCompile>
    <ClCompile Include="src\ldn.c">
      <Filter>Source Files</Filter>
    </ClCompile>
    <ClCompile Include="src\ldsun.c">
      <Filter>Source Files</Filter>
    </ClCompile>
    <ClCompile Include="src\lteceq.c">
      <Filter>Source Files</Filter>
    </ClCompile>
    <ClCompile Include="src\ltecm.c">
      <Filter>Source Files</Filter>
    </ClCompile>
    <ClCompile Include="src\lteqec.c">
      <Filter>Source Files</Filter>
    </ClCompile>
    <ClCompile Include="src\ltp.c">
      <Filter>Source Files</Filter>
    </ClCompile>
    <ClCompile Include="src\ltpb.c">
      <Filter>Source Files</Filter>
    </ClCompile>
    <ClCompile Include="src\ltpecl.c">
      <Filter>Source Files</Filter>
    </ClCompile>
    <ClCompile Include="src\ltpequ.c">
      <Filter>Source Files</Filter>
    </ClCompile>
    <ClCompile Include="src\num00a.c">
      <Filter>Source Files</Filter>
    </ClCompile>
    <ClCompile Include="src\num00b.c">
      <Filter>Source Files</Filter>
    </ClCompile>
    <ClCompile Include="src\num06a.c">
      <Filter>Source Files</Filter>
    </ClCompile>
    <ClCompile Include="src\numat.c">
      <Filter>Source Files</Filter>
    </ClCompile>
    <ClCompile Include="src\nut00a.c">
      <Filter>Source Files</Filter>
    </ClCompile>
    <ClCompile Include="src\nut00b.c">
      <Filter>Source Files</Filter>
    </ClCompile>
    <ClCompile Include="src\nut06a.c">
      <Filter>Source Files</Filter>
    </ClCompile>
    <ClCompile Include="src\nut80.c">
      <Filter>Source Files</Filter>
    </ClCompile>
    <ClCompile Include="src\nutm80.c">
      <Filter>Source Files</Filter>
    </ClCompile>
    <ClCompile Include="src\obl06.c">
      <Filter>Source Files</Filter>
    </ClCompile>
    <ClCompile Include="src\obl80.c">
      <Filter>Source Files</Filter>
    </ClCompile>
    <ClCompile Include="src\p2pv.c">
      <Filter>Source Files</Filter>
    </ClCompile>
    <ClCompile Include="src\p2s.c">
      <Filter>Source Files</Filter>
    </ClCompile>
    <ClCompile Include="src\p06e.c">
      <Filter>Source Files</Filter>
    </ClCompile>
    <ClCompile Include="src\pap.c">
      <Filter>Source Files</Filter>
    </ClCompile>
    <ClCompile Include="src\pas.c">
      <Filter>Source Files</Filter>
    </ClCompile>
    <ClCompile Include="src\pb06.c">
      <Filter>Source Files</Filter>
    </ClCompile>
    <ClCompile Include="src\pdp.c">
      <Filter>Source Files</Filter>
    </ClCompile>
    <ClCompile Include="src\pfw06.c">
      <Filter>Source Files</Filter>
    </ClCompile>
    <ClCompile Include="src\plan94.c">
      <Filter>Source Files</Filter>
    </ClCompile>
    <ClCompile Include="src\pm.c">
      <Filter>Source Files</Filter>
    </ClCompile>
    <ClCompile Include="src\pmat00.c">
      <Filter>Source Files</Filter>
    </ClCompile>
    <ClCompile Include="src\pmat06.c">
      <Filter>Source Files</Filter>
    </ClCompile>
    <ClCompile Include="src\pmat76.c">
      <Filter>Source Files</Filter>
    </ClCompile>
    <ClCompile Include="src\pmp.c">
      <Filter>Source Files</Filter>
    </ClCompile>
    <ClCompile Include="src\pmpx.c">
      <Filter>Source Files</Filter>
    </ClCompile>
    <ClCompile Include="src\pmsafe.c">
      <Filter>Source Files</Filter>
    </ClCompile>
    <ClCompile Include="src\pn.c">
      <Filter>Source Files</Filter>
    </ClCompile>
    <ClCompile Include="src\pn00.c">
      <Filter>Source Files</Filter>
    </ClCompile>
    <ClCompile Include="src\pn00a.c">
      <Filter>Source Files</Filter>
    </ClCompile>
    <ClCompile Include="src\pn00b.c">
      <Filter>Source Files</Filter>
    </ClCompile>
    <ClCompile Include="src\pn06.c">
      <Filter>Source Files</Filter>
    </ClCompile>
    <ClCompile Include="src\pn06a.c">
      <Filter>Source Files</Filter>
    </ClCompile>
    <ClCompile Include="src\pnm00a.c">
      <Filter>Source Files</Filter>
    </ClCompile>
    <ClCompile Include="src\a2af.c">
      <Filter>Source Files</Filter>
    </ClCompile>
    <ClCompile Include="src\a2tf.c">
      <Filter>Source Files</Filter>
    </ClCompile>
    <ClCompile Include="src\ab.c">
      <Filter>Source Files</Filter>
    </ClCompile>
    <ClCompile Include="src\ae2hd.c">
      <Filter>Source Files</Filter>
    </ClCompile>
    <ClCompile Include="src\af2a.c">
      <Filter>Source Files</Filter>
    </ClCompile>
    <ClCompile Include="src\anp.c">
      <Filter>Source Files</Filter>
    </ClCompile>
    <ClCompile Include="src\anpm.c">
      <Filter>Source Files</Filter>
    </ClCompile>
    <ClCompile Include="src\apcg.c">
      <Filter>Source Files</Filter>
    </ClCompile>
    <ClCompile Include="src\apcg13.c">
      <Filter>Source Files</Filter>
    </ClCompile>
    <ClCompile Include="src\apci.c">
      <Filter>Source Files</Filter>
    </ClCompile>
    <ClCompile Include="src\apci13.c">
      <Filter>Source Files</Filter>
    </ClCompile>
    <ClCompile Include="src\apco.c">
      <Filter>Source Files</Filter>
    </ClCompile>
    <ClCompile Include="src\apco13.c">
      <Filter>Source Files</Filter>
    </ClCompile>
    <ClCompile Include="src\apcs.c">
      <Filter>Source Files</Filter>
    </ClCompile>
    <ClCompile Include="src\apcs13.c">
      <Filter>Source Files</Filter>
    </ClCompile>
    <ClCompile Include="src\aper.c">
      <Filter>Source Files</Filter>
    </ClCompile>
    <ClCompile Include="src\aper13.c">
      <Filter>Source Files</Filter>
    </ClCompile>
    <ClCompile Include="src\apio.c">
      <Filter>Source Files</Filter>
    </ClCompile>
    <ClCompile Include="src\apio13.c">
      <Filter>Source Files</Filter>
    </ClCompile>
    <ClCompile Include="src\atci13.c">
      <Filter>Source Files</Filter>
    </ClCompile>
    <ClCompile Include="src\atciq.c">
      <Filter>Source Files</Filter>
    </ClCompile>
    <ClCompile Include="src\atciqn.c">
      <Filter>Source Files</Filter>
    </ClCompile>
    <ClCompile Include="src\atciqz.c">
      <Filter>Source Files</Filter>
    </ClCompile>
    <ClCompile Include="src\atco13.c">
      <Filter>Source Files</Filter>
    </ClCompile>
    <ClCompile Include="src\atic13.c">
      <Filter>Source Files</Filter>
    </ClCompile>
    <ClCompile Include="src\aticq.c">
      <Filter>Source Files</Filter>
    </ClCompile>
    <ClCompile Include="src\aticqn.c">
      <Filter>Source Files</Filter>
    </ClCompile>
    <ClCompile Include="src\atio13.c">
      <Filter>Source Files</Filter>
    </ClCompile>
    <ClCompile Include="src\atioq.c">
      <Filter>Source Files</Filter>
    </ClCompile>
    <ClCompile Include="src\atoc13.c">
      <Filter>Source Files</Filter>
    </ClCompile>
    <ClCompile Include="src\atoi13.c">
      <Filter>Source Files</Filter>
    </ClCompile>
    <ClCompile Include="src\atoiq.c">
      <Filter>Source Files</Filter>
    </ClCompile>
    <ClCompile Include="src\bi00.c">
      <Filter>Source Files</Filter>
    </ClCompile>
    <ClCompile Include="src\bp00.c">
      <Filter>Source Files</Filter>
    </ClCompile>
    <ClCompile Include="src\bp06.c">
      <Filter>Source Files</Filter>
    </ClCompile>
    <ClCompile Include="src\bpn2xy.c">
      <Filter>Source Files</Filter>
    </ClCompile>
    <ClCompile Include="src\c2i00a.c">
      <Filter>Source Files</Filter>
    </ClCompile>
    <ClCompile Include="src\c2i00b.c">
      <Filter>Source Files</Filter>
    </ClCompile>
    <ClCompile Include="src\c2i06a.c">
      <Filter>Source Files</Filter>
    </ClCompile>
    <ClCompile Include="src\c2ibpn.c">
      <Filter>Source Files</Filter>
    </ClCompile>
    <ClCompile Include="src\c2ixy.c">
      <Filter>Source Files</Filter>
    </ClCompile>
    <ClCompile Include="src\c2ixys.c">
      <Filter>Source Files</Filter>
    </ClCompile>
    <ClCompile Include="src\c2s.c">
      <Filter>Source Files</Filter>
    </ClCompile>
    <ClCompile Include="src\c2t00a.c">
      <Filter>Source Files</Filter>
    </ClCompile>
    <ClCompile Include="src\c2t00b.c">
      <Filter>Source Files</Filter>
    </ClCompile>
    <ClCompile Include="src\c2t06a.c">
      <Filter>Source Files</Filter>
    </ClCompile>
    <ClCompile Include="src\c2tcio.c">
      <Filter>Source Files</Filter>
    </ClCompile>
    <ClCompile Include="src\c2teqx.c">
      <Filter>Source Files</Filter>
    </ClCompile>
    <ClCompile Include="src\c2tpe.c">
      <Filter>Source Files</Filter>
    </ClCompile>
    <ClCompile Include="src\c2txy.c">
      <Filter>Source Files</Filter>
    </ClCompile>
    <ClCompile Include="src\cal2jd.c">
      <Filter>Source Files</Filter>
    </ClCompile>
    <ClCompile Include="src\cp.c">
      <Filter>Source Files</Filter>
    </ClCompile>
    <ClCompile Include="src\cpv.c">
      <Filter>Source Files</Filter>
    </ClCompile>
    <ClCompile Include="src\cr.c">
      <Filter>Source Files</Filter>
    </ClCompile>
    <ClCompile Include="src\d2dtf.c">
      <Filter>Source Files</Filter>
    </ClCompile>
    <ClCompile Include="src\d2tf.c">
      <Filter>Source Files</Filter>
    </ClCompile>
    <ClCompile Include="src\dat.c">
      <Filter>Source Files</Filter>
    </ClCompile>
    <ClCompile Include="src\dtdb.c">
      <Filter>Source Files</Filter>
    </ClCompile>
    <ClCompile Include="src\dtf2d.c">
      <Filter>Source Files</Filter>
    </ClCompile>
    <ClCompile Include="src\eceq06.c">
      <Filter>Source Files</Filter>
    </ClCompile>
    <ClCompile Include="src\ecm06.c">
      <Filter>Source Files</Filter>
    </ClCompile>
    <ClCompile Include="src\ee00.c">
      <Filter>Source Files</Filter>
    </ClCompile>
    <ClCompile Include="src\ee00a.c">
      <Filter>Source Files</Filter>
    </ClCompile>
    <ClCompile Include="src\ee00b.c">
      <Filter>Source Files</Filter>
    </ClCompile>
    <ClCompile Include="src\ee06a.c">
      <Filter>Source Files</Filter>
    </ClCompile>
    <ClCompile Include="src\eect00.c">
      <Filter>Source Files</Filter>
    </ClCompile>
    <ClCompile Include="src\eform.c">
      <Filter>Source Files</Filter>
    </ClCompile>
    <ClCompile Include="src\eo06a.c">
      <Filter>Source Files</Filter>
    </ClCompile>
    <ClCompile Include="src\eors.c">
      <Filter>Source Files</Filter>
    </ClCompile>
    <ClCompile Include="src\epb.c">
      <Filter>Source Files</Filter>
    </ClCompile>
    <ClCompile Include="src\epb2jd.c">
      <Filter>Source Files</Filter>
    </ClCompile>
    <ClCompile Include="src\epj.c">
      <Filter>Source Files</Filter>
    </ClCompile>
    <ClCompile Include="src\epj2jd.c">
      <Filter>Source Files</Filter>
    </ClCompile>
    <ClCompile Include="src\epv00.c">
      <Filter>Source Files</Filter>
    </ClCompile>
    <ClCompile Include="src\eqec06.c">
      <Filter>Source Files</Filter>
    </ClCompile>
    <ClCompile Include="src\eqeq94.c">
      <Filter>Source Files</Filter>
    </ClCompile>
    <ClCompile Include="src\era00.c">
      <Filter>Source Files</Filter>
    </ClCompile>
    <ClCompile Include="src\fad03.c">
      <Filter>Source Files</Filter>
    </ClCompile>
    <ClCompile Include="src\fae03.c">
      <Filter>Source Files</Filter>
    </ClCompile>
    <ClCompile Include="src\faf03.c">
      <Filter>Source Files</Filter>
    </ClCompile>
    <ClCompile Include="src\faju03.c">
      <Filter>Source Files</Filter>
    </ClCompile>
    <ClCompile Include="src\fal03.c">
      <Filter>Source Files</Filter>
    </ClCompile>
    <ClCompile Include="src\falp03.c">
      <Filter>Source Files</Filter>
    </ClCompile>
    <ClCompile Include="src\fama03.c">
      <Filter>Source Files</Filter>
    </ClCompile>
    <ClCompile Include="src\fame03.c">
      <Filter>Source Files</Filter>
    </ClCompile>
    <ClCompile Include="src\fane03.c">
      <Filter>Source Files</Filter>
    </ClCompile>
    <ClCompile Include="src\faom03.c">
      <Filter>Source Files</Filter>
    </ClCompile>
    <ClCompile Include="src\fapa03.c">
      <Filter>Source Files</Filter>
    </ClCompile>
    <ClCompile Include="src\fasa03.c">
      <Filter>Source Files</Filter>
    </ClCompile>
    <ClCompile Include="src\faur03.c">
      <Filter>Source Files</Filter>
    </ClCompile>
    <ClCompile Include="src\fave03.c">
      <Filter>Source Files</Filter>
    </ClCompile>
    <ClCompile Include="src\fk5hip.c">
      <Filter>Source Files</Filter>
    </ClCompile>
    <ClCompile Include="src\fk5hz.c">
      <Filter>Source Files</Filter>
    </ClCompile>
    <ClCompile Include="src\fk52h.c">
      <Filter>Source Files</Filter>
    </ClCompile>
    <ClCompile Include="src\fw2m.c">
      <Filter>Source Files</Filter>
    </ClCompile>
    <ClCompile Include="src\fw2xy.c">
      <Filter>Source Files</Filter>
    </ClCompile>
    <ClCompile Include="src\g2icrs.c">
      <Filter>Source Files</Filter>
    </ClCompile>
    <ClCompile Include="src\gc2gd.c">
      <Filter>Source Files</Filter>
    </ClCompile>
    <ClCompile Include="src\gc2gde.c">
      <Filter>Source Files</Filter>
    </ClCompile>
    <ClCompile Include="src\gd2gc.c">
      <Filter>Source Files</Filter>
    </ClCompile>
    <ClCompile Include="src\gd2gce.c">
      <Filter>Source Files</Filter>
    </ClCompile>
    <ClCompile Include="src\gmst00.c">
      <Filter>Source Files</Filter>
    </ClCompile>
    <ClCompile Include="src\gmst06.c">
      <Filter>Source Files</Filter>
    </ClCompile>
    <ClCompile Include="src\gmst82.c">
      <Filter>Source Files</Filter>
    </ClCompile>
    <ClCompile Include="src\gst00a.c">
      <Filter>Source Files</Filter>
    </ClCompile>
    <ClCompile Include="src\gst00b.c">
      <Filter>Source Files</Filter>
    </ClCompile>
    <ClCompile Include="src\gst06.c">
      <Filter>Source Files</Filter>
    </ClCompile>
    <ClCompile Include="src\gst06a.c">
      <Filter>Source Files</Filter>
    </ClCompile>
    <ClCompile Include="src\gst94.c">
      <Filter>Source Files</Filter>
    </ClCompile>
    <ClCompile Include="src\h2fk5.c">
      <Filter>Source Files</Filter>
    </ClCompile>
    <ClCompile Include="src\hd2ae.c">
      <Filter>Source Files</Filter>
    </ClCompile>
    <ClCompile Include="src\hd2pa.c">
      <Filter>Source Files</Filter>
    </ClCompile>
    <ClCompile Include="src\hfk5z.c">
      <Filter>Source Files</Filter>
    </ClCompile>
  </ItemGroup>
</Project>